
Microsoft Visual Studio Solution File, Format Version 12.00
# Visual Studio Version 17
VisualStudioVersion = 17.3.32825.248
MinimumVisualStudioVersion = 10.0.40219.1
Project("{FAE04EC0-301F-11D3-BF4B-00C04F79EFBC}") = "PassionProject", "PassionProject\PassionProject.csproj", "{AE940B53-4E3E-4766-BBD4-DE0C6F4AB310}"
EndProject
Global
	GlobalSection(SolutionConfigurationPlatforms) = preSolution
		Debug|Any CPU = Debug|Any CPU
		Release|Any CPU = Release|Any CPU
	EndGlobalSection
	GlobalSection(ProjectConfigurationPlatforms) = postSolution
		{AE940B53-4E3E-4766-BBD4-DE0C6F4AB310}.Debug|Any CPU.ActiveCfg = Debug|Any CPU
		{AE940B53-4E3E-4766-BBD4-DE0C6F4AB310}.Debug|Any CPU.Build.0 = Debug|Any CPU
		{AE940B53-4E3E-4766-BBD4-DE0C6F4AB310}.Release|Any CPU.ActiveCfg = Release|Any CPU
		{AE940B53-4E3E-4766-BBD4-DE0C6F4AB310}.Release|Any CPU.Build.0 = Release|Any CPU
	EndGlobalSection
	GlobalSection(SolutionProperties) = preSolution
		HideSolutionNode = FALSE
	EndGlobalSection
	GlobalSection(ExtensibilityGlobals) = postSolution
		SolutionGuid = {DEDD16B2-DB42-4450-801A-CBE7F1527B46}
	EndGlobalSection
EndGlobal
